
Microsoft Visual Studio Solution File, Format Version 12.00
# Visual Studio Version 17
VisualStudioVersion = 17.9.34622.214
MinimumVisualStudioVersion = 10.0.40219.1
Project("{FAE04EC0-301F-11D3-BF4B-00C04F79EFBC}") = "PREFINALS_AUTH_Lingling_Ramon", "PREFINALS_AUTH_Lingling_Ramon\PREFINALS_AUTH_Lingling_Ramon.csproj", "{62447EB6-53F6-444A-A05A-27608692D29D}"
EndProject
Project("{FAE04EC0-301F-11D3-BF4B-00C04F79EFBC}") = "AuthServer", "AuthServer\AuthServer.csproj", "{1B2C5374-D305-40E5-BEC0-B082412CE92C}"
EndProject
Global
	GlobalSection(SolutionConfigurationPlatforms) = preSolution
		Debug|Any CPU = Debug|Any CPU
		Release|Any CPU = Release|Any CPU
	EndGlobalSection
	GlobalSection(ProjectConfigurationPlatforms) = postSolution
		{62447EB6-53F6-444A-A05A-27608692D29D}.Debug|Any CPU.ActiveCfg = Debug|Any CPU
		{62447EB6-53F6-444A-A05A-27608692D29D}.Debug|Any CPU.Build.0 = Debug|Any CPU
		{62447EB6-53F6-444A-A05A-27608692D29D}.Release|Any CPU.ActiveCfg = Release|Any CPU
		{62447EB6-53F6-444A-A05A-27608692D29D}.Release|Any CPU.Build.0 = Release|Any CPU
		{1B2C5374-D305-40E5-BEC0-B082412CE92C}.Debug|Any CPU.ActiveCfg = Debug|Any CPU
		{1B2C5374-D305-40E5-BEC0-B082412CE92C}.Debug|Any CPU.Build.0 = Debug|Any CPU
		{1B2C5374-D305-40E5-BEC0-B082412CE92C}.Release|Any CPU.ActiveCfg = Release|Any CPU
		{1B2C5374-D305-40E5-BEC0-B082412CE92C}.Release|Any CPU.Build.0 = Release|Any CPU
	EndGlobalSection
	GlobalSection(SolutionProperties) = preSolution
		HideSolutionNode = FALSE
	EndGlobalSection
	GlobalSection(ExtensibilityGlobals) = postSolution
		SolutionGuid = {F885CFC6-6F15-447F-B9DB-A4221BCB10C1}
	EndGlobalSection
EndGlobal
